Microsoft Visual Studio Solution File, Format Version 12.00
# Visual Studio 16
Project("{2150E333-8FDC-42A3-9474-1A3956D46DE8}") = "Libraries", "Libraries", "{0A10F6D1-0DC9-3094-89B2-B4E8CDFC9BE7}"
EndProject
Project("{2150E333-8FDC-42A3-9474-1A3956D46DE8}") = "Predefined", "Predefined", "{13E44890-84D0-3368-AEEF-23083F89EA9C}"
EndProject
Project("{8BC9CEB8-8B4A-11D0-8D11-00A0C91BC942}") = "ALL_BUILD", "ALL_BUILD.vcxproj", "{DAE05913-FA46-3122-AE6B-B14B8EF0DEF9}"
	ProjectSection(ProjectDependencies) = postProject
		{7A542668-F21D-33C6-94FC-B83EB9BA3604} = {7A542668-F21D-33C6-94FC-B83EB9BA3604}
		{B595F33D-0AB5-37FF-A5D3-ECAE682EB565} = {B595F33D-0AB5-37FF-A5D3-ECAE682EB565}
		{B1A339E9-D8BD-339A-B6D8-F981D1A00F93} = {B1A339E9-D8BD-339A-B6D8-F981D1A00F93}
		{092D8244-038B-3D93-893D-6D9DF6B81B70} = {092D8244-038B-3D93-893D-6D9DF6B81B70}
	EndProjectSection
EndProject
Project("{8BC9CEB8-8B4A-11D0-8D11-00A0C91BC942}") = "ZERO_CHECK", "..\\ZERO_CHECK.vcxproj", "{7A542668-F21D-33C6-94FC-B83EB9BA3604}"
	ProjectSection(ProjectDependencies) = postProject
	EndProjectSection
EndProject
Project("{8BC9CEB8-8B4A-11D0-8D11-00A0C91BC942}") = "base", "..\base\base.vcxproj", "{2920DB61-49AD-3A05-A2D4-481E6C120243}"
	ProjectSection(ProjectDependencies) = postProject
		{7A542668-F21D-33C6-94FC-B83EB9BA3604} = {7A542668-F21D-33C6-94FC-B83EB9BA3604}
	EndProjectSection
EndProject
Project("{8BC9CEB8-8B4A-11D0-8D11-00A0C91BC942}") = "pluginterfaces", "..\pluginterfaces\pluginterfaces.vcxproj", "{F11AA0DB-A2E4-32ED-B72E-7A9DD132B05D}"
	ProjectSection(ProjectDependencies) = postProject
		{7A542668-F21D-33C6-94FC-B83EB9BA3604} = {7A542668-F21D-33C6-94FC-B83EB9BA3604}
	EndProjectSection
EndProject
Project("{8BC9CEB8-8B4A-11D0-8D11-00A0C91BC942}") = "sdk", "sdk.vcxproj", "{B595F33D-0AB5-37FF-A5D3-ECAE682EB565}"
	ProjectSection(ProjectDependencies) = postProject
		{7A542668-F21D-33C6-94FC-B83EB9BA3604} = {7A542668-F21D-33C6-94FC-B83EB9BA3604}
		{2920DB61-49AD-3A05-A2D4-481E6C120243} = {2920DB61-49AD-3A05-A2D4-481E6C120243}
		{F11AA0DB-A2E4-32ED-B72E-7A9DD132B05D} = {F11AA0DB-A2E4-32ED-B72E-7A9DD132B05D}
		{B1A339E9-D8BD-339A-B6D8-F981D1A00F93} = {B1A339E9-D8BD-339A-B6D8-F981D1A00F93}
	EndProjectSection
EndProject
Project("{8BC9CEB8-8B4A-11D0-8D11-00A0C91BC942}") = "sdk_common", "sdk_common.vcxproj", "{B1A339E9-D8BD-339A-B6D8-F981D1A00F93}"
	ProjectSection(ProjectDependencies) = postProject
		{7A542668-F21D-33C6-94FC-B83EB9BA3604} = {7A542668-F21D-33C6-94FC-B83EB9BA3604}
		{2920DB61-49AD-3A05-A2D4-481E6C120243} = {2920DB61-49AD-3A05-A2D4-481E6C120243}
		{F11AA0DB-A2E4-32ED-B72E-7A9DD132B05D} = {F11AA0DB-A2E4-32ED-B72E-7A9DD132B05D}
	EndProjectSection
EndProject
Project("{8BC9CEB8-8B4A-11D0-8D11-00A0C91BC942}") = "sdk_hosting", "sdk_hosting.vcxproj", "{092D8244-038B-3D93-893D-6D9DF6B81B70}"
	ProjectSection(ProjectDependencies) = postProject
		{7A542668-F21D-33C6-94FC-B83EB9BA3604} = {7A542668-F21D-33C6-94FC-B83EB9BA3604}
		{2920DB61-49AD-3A05-A2D4-481E6C120243} = {2920DB61-49AD-3A05-A2D4-481E6C120243}
		{F11AA0DB-A2E4-32ED-B72E-7A9DD132B05D} = {F11AA0DB-A2E4-32ED-B72E-7A9DD132B05D}
		{B1A339E9-D8BD-339A-B6D8-F981D1A00F93} = {B1A339E9-D8BD-339A-B6D8-F981D1A00F93}
	EndProjectSection
EndProject
Global
	GlobalSection(SolutionConfigurationPlatforms) = preSolution
		Debug|x64 = Debug|x64
		Release|x64 = Release|x64
	EndGlobalSection
	GlobalSection(ProjectConfigurationPlatforms) = postSolution
		{DAE05913-FA46-3122-AE6B-B14B8EF0DEF9}.Debug|x64.ActiveCfg = Debug|x64
		{DAE05913-FA46-3122-AE6B-B14B8EF0DEF9}.Release|x64.ActiveCfg = Release|x64
		{7A542668-F21D-33C6-94FC-B83EB9BA3604}.Debug|x64.ActiveCfg = Debug|x64
		{7A542668-F21D-33C6-94FC-B83EB9BA3604}.Debug|x64.Build.0 = Debug|x64
		{7A542668-F21D-33C6-94FC-B83EB9BA3604}.Release|x64.ActiveCfg = Release|x64
		{7A542668-F21D-33C6-94FC-B83EB9BA3604}.Release|x64.Build.0 = Release|x64
		{2920DB61-49AD-3A05-A2D4-481E6C120243}.Debug|x64.ActiveCfg = Debug|x64
		{2920DB61-49AD-3A05-A2D4-481E6C120243}.Debug|x64.Build.0 = Debug|x64
		{2920DB61-49AD-3A05-A2D4-481E6C120243}.Release|x64.ActiveCfg = Release|x64
		{2920DB61-49AD-3A05-A2D4-481E6C120243}.Release|x64.Build.0 = Release|x64
		{F11AA0DB-A2E4-32ED-B72E-7A9DD132B05D}.Debug|x64.ActiveCfg = Debug|x64
		{F11AA0DB-A2E4-32ED-B72E-7A9DD132B05D}.Debug|x64.Build.0 = Debug|x64
		{F11AA0DB-A2E4-32ED-B72E-7A9DD132B05D}.Release|x64.ActiveCfg = Release|x64
		{F11AA0DB-A2E4-32ED-B72E-7A9DD132B05D}.Release|x64.Build.0 = Release|x64
		{B595F33D-0AB5-37FF-A5D3-ECAE682EB565}.Debug|x64.ActiveCfg = Debug|x64
		{B595F33D-0AB5-37FF-A5D3-ECAE682EB565}.Debug|x64.Build.0 = Debug|x64
		{B595F33D-0AB5-37FF-A5D3-ECAE682EB565}.Release|x64.ActiveCfg = Release|x64
		{B595F33D-0AB5-37FF-A5D3-ECAE682EB565}.Release|x64.Build.0 = Release|x64
		{B1A339E9-D8BD-339A-B6D8-F981D1A00F93}.Debug|x64.ActiveCfg = Debug|x64
		{B1A339E9-D8BD-339A-B6D8-F981D1A00F93}.Debug|x64.Build.0 = Debug|x64
		{B1A339E9-D8BD-339A-B6D8-F981D1A00F93}.Release|x64.ActiveCfg = Release|x64
		{B1A339E9-D8BD-339A-B6D8-F981D1A00F93}.Release|x64.Build.0 = Release|x64
		{092D8244-038B-3D93-893D-6D9DF6B81B70}.Debug|x64.ActiveCfg = Debug|x64
		{092D8244-038B-3D93-893D-6D9DF6B81B70}.Debug|x64.Build.0 = Debug|x64
		{092D8244-038B-3D93-893D-6D9DF6B81B70}.Release|x64.ActiveCfg = Release|x64
		{092D8244-038B-3D93-893D-6D9DF6B81B70}.Release|x64.Build.0 = Release|x64
	EndGlobalSection
	GlobalSection(NestedProjects) = preSolution
		{2920DB61-49AD-3A05-A2D4-481E6C120243} = {0A10F6D1-0DC9-3094-89B2-B4E8CDFC9BE7}
		{F11AA0DB-A2E4-32ED-B72E-7A9DD132B05D} = {0A10F6D1-0DC9-3094-89B2-B4E8CDFC9BE7}
		{B595F33D-0AB5-37FF-A5D3-ECAE682EB565} = {0A10F6D1-0DC9-3094-89B2-B4E8CDFC9BE7}
		{B1A339E9-D8BD-339A-B6D8-F981D1A00F93} = {0A10F6D1-0DC9-3094-89B2-B4E8CDFC9BE7}
		{092D8244-038B-3D93-893D-6D9DF6B81B70} = {0A10F6D1-0DC9-3094-89B2-B4E8CDFC9BE7}
		{DAE05913-FA46-3122-AE6B-B14B8EF0DEF9} = {13E44890-84D0-3368-AEEF-23083F89EA9C}
		{7A542668-F21D-33C6-94FC-B83EB9BA3604} = {13E44890-84D0-3368-AEEF-23083F89EA9C}
	EndGlobalSection
	GlobalSection(ExtensibilityGlobals) = postSolution
		SolutionGuid = {C8396E16-8F2F-3ECD-92AC-D2C9B962715A}
	EndGlobalSection
	GlobalSection(ExtensibilityAddIns) = postSolution
	EndGlobalSection
EndGlobal
