<?xml version="1.0" encoding="utf-8"?>
<Project ToolsVersion="16.0" xmlns="http://schemas.microsoft.com/developer/msbuild/2003">
  <ItemGroup>
    <ClCompile Include="C:\Users\calmgaming\Downloads\vst-sdk_3.7.1_build-50_2020-11-17\VST_SDK\VST3_SDK\public.sdk\source\vst\vstsinglecomponenteffect.cpp">
      <Filter>Source Files</Filter>
    </ClCompile>
    <ClCompile Include="C:\Users\calmgaming\Downloads\vst-sdk_3.7.1_build-50_2020-11-17\VST_SDK\VST3_SDK\public.sdk\samples\vst\again\source\againsimple.cpp">
      <Filter>Source Files</Filter>
    </ClCompile>
    <ClCompile Include="C:\Users\calmgaming\Downloads\vst-sdk_3.7.1_build-50_2020-11-17\VST_SDK\VST3_SDK\public.sdk\source\main\dllmain.cpp">
      <Filter>Source Files</Filter>
    </ClCompile>
  </ItemGroup>
  <ItemGroup>
    <ClInclude Include="C:\Users\calmgaming\Downloads\vst-sdk_3.7.1_build-50_2020-11-17\VST_SDK\VST3_SDK\public.sdk\source\vst\vstsinglecomponenteffect.h">
      <Filter>Header Files</Filter>
    </ClInclude>
    <ClInclude Include="C:\Users\calmgaming\Downloads\vst-sdk_3.7.1_build-50_2020-11-17\VST_SDK\VST3_SDK\public.sdk\samples\vst\again\source\againparamids.h">
      <Filter>Header Files</Filter>
    </ClInclude>
    <ClInclude Include="C:\Users\calmgaming\Downloads\vst-sdk_3.7.1_build-50_2020-11-17\VST_SDK\VST3_SDK\public.sdk\samples\vst\again\source\againsimple.h">
      <Filter>Header Files</Filter>
    </ClInclude>
    <ClInclude Include="C:\Users\calmgaming\Downloads\vst-sdk_3.7.1_build-50_2020-11-17\VST_SDK\VST3_SDK\public.sdk\samples\vst\again\source\version.h">
      <Filter>Header Files</Filter>
    </ClInclude>
  </ItemGroup>
  <ItemGroup>
    <CustomBuild Include="C:\Users\calmgaming\Downloads\vst-sdk_3.7.1_build-50_2020-11-17\VST_SDK\VST3_SDK\public.sdk\samples\vst\again\CMakeLists.txt" />
  </ItemGroup>
  <ItemGroup>
    <ResourceCompile Include="C:\Users\calmgaming\Downloads\vst-sdk_3.7.1_build-50_2020-11-17\VST_SDK\VST3_SDK\public.sdk\samples\vst\again\resource\again.rc">
      <Filter>Source Files</Filter>
    </ResourceCompile>
  </ItemGroup>
  <ItemGroup>
    <Filter Include="Header Files">
      <UniqueIdentifier>{72C549ED-9A51-342B-8B0E-B272CCCBFA92}</UniqueIdentifier>
    </Filter>
    <Filter Include="Source Files">
      <UniqueIdentifier>{C0FD2E63-2EB7-37ED-AB93-231E9587F652}</UniqueIdentifier>
    </Filter>
  </ItemGroup>
</Project>
