<?xml version="1.0" encoding="utf-8"?>
<Project ToolsVersion="16.0" xmlns="http://schemas.microsoft.com/developer/msbuild/2003">
  <ItemGroup>
    <ClCompile Include="C:\Users\calmgaming\Downloads\vst-sdk_3.7.1_build-50_2020-11-17\VST_SDK\VST3_SDK\public.sdk\samples\vst\hostchecker\source\editorsizecontroller.cpp">
      <Filter>Source Files</Filter>
    </ClCompile>
    <ClCompile Include="C:\Users\calmgaming\Downloads\vst-sdk_3.7.1_build-50_2020-11-17\VST_SDK\VST3_SDK\public.sdk\samples\vst\hostchecker\source\eventlistcheck.cpp">
      <Filter>Source Files</Filter>
    </ClCompile>
    <ClCompile Include="C:\Users\calmgaming\Downloads\vst-sdk_3.7.1_build-50_2020-11-17\VST_SDK\VST3_SDK\public.sdk\samples\vst\hostchecker\source\eventlogdatabrowsersource.cpp">
      <Filter>Source Files</Filter>
    </ClCompile>
    <ClCompile Include="C:\Users\calmgaming\Downloads\vst-sdk_3.7.1_build-50_2020-11-17\VST_SDK\VST3_SDK\public.sdk\samples\vst\hostchecker\source\eventlogger.cpp">
      <Filter>Source Files</Filter>
    </ClCompile>
    <ClCompile Include="C:\Users\calmgaming\Downloads\vst-sdk_3.7.1_build-50_2020-11-17\VST_SDK\VST3_SDK\public.sdk\samples\vst\hostchecker\source\factory.cpp">
      <Filter>Source Files</Filter>
    </ClCompile>
    <ClCompile Include="C:\Users\calmgaming\Downloads\vst-sdk_3.7.1_build-50_2020-11-17\VST_SDK\VST3_SDK\public.sdk\samples\vst\hostchecker\source\hostcheck.cpp">
      <Filter>Source Files</Filter>
    </ClCompile>
    <ClCompile Include="C:\Users\calmgaming\Downloads\vst-sdk_3.7.1_build-50_2020-11-17\VST_SDK\VST3_SDK\public.sdk\samples\vst\hostchecker\source\hostcheckercontroller.cpp">
      <Filter>Source Files</Filter>
    </ClCompile>
    <ClCompile Include="C:\Users\calmgaming\Downloads\vst-sdk_3.7.1_build-50_2020-11-17\VST_SDK\VST3_SDK\public.sdk\samples\vst\hostchecker\source\hostcheckerprocessor.cpp">
      <Filter>Source Files</Filter>
    </ClCompile>
    <ClCompile Include="C:\Users\calmgaming\Downloads\vst-sdk_3.7.1_build-50_2020-11-17\VST_SDK\VST3_SDK\public.sdk\samples\vst\hostchecker\source\parameterchangescheck.cpp">
      <Filter>Source Files</Filter>
    </ClCompile>
    <ClCompile Include="C:\Users\calmgaming\Downloads\vst-sdk_3.7.1_build-50_2020-11-17\VST_SDK\VST3_SDK\public.sdk\samples\vst\hostchecker\source\processcontextcheck.cpp">
      <Filter>Source Files</Filter>
    </ClCompile>
    <ClCompile Include="C:\Users\calmgaming\Downloads\vst-sdk_3.7.1_build-50_2020-11-17\VST_SDK\VST3_SDK\public.sdk\samples\vst\hostchecker\source\processsetupcheck.cpp">
      <Filter>Source Files</Filter>
    </ClCompile>
    <ClCompile Include="C:\Users\calmgaming\Downloads\vst-sdk_3.7.1_build-50_2020-11-17\VST_SDK\VST3_SDK\public.sdk\source\main\dllmain.cpp">
      <Filter>Source Files</Filter>
    </ClCompile>
  </ItemGroup>
  <ItemGroup>
    <ClInclude Include="C:\Users\calmgaming\Downloads\vst-sdk_3.7.1_build-50_2020-11-17\VST_SDK\VST3_SDK\public.sdk\samples\vst\hostchecker\source\cids.h">
      <Filter>Header Files</Filter>
    </ClInclude>
    <ClInclude Include="C:\Users\calmgaming\Downloads\vst-sdk_3.7.1_build-50_2020-11-17\VST_SDK\VST3_SDK\public.sdk\samples\vst\hostchecker\source\editorsizecontroller.h">
      <Filter>Header Files</Filter>
    </ClInclude>
    <ClInclude Include="C:\Users\calmgaming\Downloads\vst-sdk_3.7.1_build-50_2020-11-17\VST_SDK\VST3_SDK\public.sdk\samples\vst\hostchecker\source\eventlistcheck.h">
      <Filter>Header Files</Filter>
    </ClInclude>
    <ClInclude Include="C:\Users\calmgaming\Downloads\vst-sdk_3.7.1_build-50_2020-11-17\VST_SDK\VST3_SDK\public.sdk\samples\vst\hostchecker\source\eventlogdatabrowsersource.h">
      <Filter>Header Files</Filter>
    </ClInclude>
    <ClInclude Include="C:\Users\calmgaming\Downloads\vst-sdk_3.7.1_build-50_2020-11-17\VST_SDK\VST3_SDK\public.sdk\samples\vst\hostchecker\source\eventlogger.h">
      <Filter>Header Files</Filter>
    </ClInclude>
    <ClInclude Include="C:\Users\calmgaming\Downloads\vst-sdk_3.7.1_build-50_2020-11-17\VST_SDK\VST3_SDK\public.sdk\samples\vst\hostchecker\source\hostcheck.h">
      <Filter>Header Files</Filter>
    </ClInclude>
    <ClInclude Include="C:\Users\calmgaming\Downloads\vst-sdk_3.7.1_build-50_2020-11-17\VST_SDK\VST3_SDK\public.sdk\samples\vst\hostchecker\source\hostcheckercontroller.h">
      <Filter>Header Files</Filter>
    </ClInclude>
    <ClInclude Include="C:\Users\calmgaming\Downloads\vst-sdk_3.7.1_build-50_2020-11-17\VST_SDK\VST3_SDK\public.sdk\samples\vst\hostchecker\source\hostcheckerprocessor.h">
      <Filter>Header Files</Filter>
    </ClInclude>
    <ClInclude Include="C:\Users\calmgaming\Downloads\vst-sdk_3.7.1_build-50_2020-11-17\VST_SDK\VST3_SDK\public.sdk\samples\vst\hostchecker\source\logevents.h">
      <Filter>Header Files</Filter>
    </ClInclude>
    <ClInclude Include="C:\Users\calmgaming\Downloads\vst-sdk_3.7.1_build-50_2020-11-17\VST_SDK\VST3_SDK\public.sdk\samples\vst\hostchecker\source\parameterchangescheck.h">
      <Filter>Header Files</Filter>
    </ClInclude>
    <ClInclude Include="C:\Users\calmgaming\Downloads\vst-sdk_3.7.1_build-50_2020-11-17\VST_SDK\VST3_SDK\public.sdk\samples\vst\hostchecker\source\processcontextcheck.h">
      <Filter>Header Files</Filter>
    </ClInclude>
    <ClInclude Include="C:\Users\calmgaming\Downloads\vst-sdk_3.7.1_build-50_2020-11-17\VST_SDK\VST3_SDK\public.sdk\samples\vst\hostchecker\source\processsetupcheck.h">
      <Filter>Header Files</Filter>
    </ClInclude>
    <ClInclude Include="C:\Users\calmgaming\Downloads\vst-sdk_3.7.1_build-50_2020-11-17\VST_SDK\VST3_SDK\public.sdk\samples\vst\hostchecker\source\version.h">
      <Filter>Header Files</Filter>
    </ClInclude>
  </ItemGroup>
  <ItemGroup>
    <CustomBuild Include="C:\Users\calmgaming\Downloads\vst-sdk_3.7.1_build-50_2020-11-17\VST_SDK\VST3_SDK\public.sdk\samples\vst\hostchecker\CMakeLists.txt" />
  </ItemGroup>
  <ItemGroup>
    <None Include="C:\Users\calmgaming\Downloads\vst-sdk_3.7.1_build-50_2020-11-17\VST_SDK\VST3_SDK\public.sdk\samples\vst\hostchecker\resource\hostchecker.uidesc" />
  </ItemGroup>
  <ItemGroup>
    <ResourceCompile Include="C:\Users\calmgaming\Downloads\vst-sdk_3.7.1_build-50_2020-11-17\VST_SDK\VST3_SDK\public.sdk\samples\vst\hostchecker\resource\hostchecker.rc">
      <Filter>Source Files</Filter>
    </ResourceCompile>
  </ItemGroup>
  <ItemGroup>
    <Filter Include="Header Files">
      <UniqueIdentifier>{72C549ED-9A51-342B-8B0E-B272CCCBFA92}</UniqueIdentifier>
    </Filter>
    <Filter Include="Source Files">
      <UniqueIdentifier>{C0FD2E63-2EB7-37ED-AB93-231E9587F652}</UniqueIdentifier>
    </Filter>
  </ItemGroup>
</Project>
